// !$*UTF8*$!
{
	archiveVersion = 1;
	classes = {
	};
	objectVersion = 52;
	objects = {

/* Begin PBXBuildFile section */
		7EB02BFD26B5C15300E778E0 /* AppDelegate.swift in Sources */ = {isa = PBXBuildFile; fileRef = 7EB02BFC26B5C15300E778E0 /* AppDelegate.swift */; };
		7EB02BFF26B5C15300E778E0 /* SceneDelegate.swift in Sources */ = {isa = PBXBuildFile; fileRef = 7EB02BFE26B5C15300E778E0 /* SceneDelegate.swift */; };
		7EB02C0126B5C15300E778E0 /* ViewController.swift in Sources */ = {isa = PBXBuildFile; fileRef = 7EB02C0026B5C15300E778E0 /* ViewController.swift */; };
		7EB02C0626B5C15400E778E0 /* Assets.xcassets in Resources */ = {isa = PBXBuildFile; fileRef = 7EB02C0526B5C15400E778E0 /* Assets.xcassets */; };
		7EB02C0926B5C15400E778E0 /* LaunchScreen.storyboard in Resources */ = {isa = PBXBuildFile; fileRef = 7EB02C0726B5C15400E778E0 /* LaunchScreen.storyboard */; };
		7EB02C1126B5CCB200E778E0 /* ThemeManager.swift in Sources */ = {isa = PBXBuildFile; fileRef = 7EB02C1026B5CCB200E778E0 /* ThemeManager.swift */; };
		7EB02C1326B5CF7500E778E0 /* BaseView.swift in Sources */ = {isa = PBXBuildFile; fileRef = 7EB02C1226B5CF7500E778E0 /* BaseView.swift */; };
		7EB02C1526B5D14A00E778E0 /* PostsView.swift in Sources */ = {isa = PBXBuildFile; fileRef = 7EB02C1426B5D14A00E778E0 /* PostsView.swift */; };
		7EB02C1826B5D79700E778E0 /* SnapKit in Frameworks */ = {isa = PBXBuildFile; productRef = 7EB02C1726B5D79700E778E0 /* SnapKit */; };
		7EB02C1A26B5DD6400E778E0 /* UIViewController+Extensions.swift in Sources */ = {isa = PBXBuildFile; fileRef = 7EB02C1926B5DD6400E778E0 /* UIViewController+Extensions.swift */; };
		7EB02C1C26B5E0EA00E778E0 /* PostViewCell.swift in Sources */ = {isa = PBXBuildFile; fileRef = 7EB02C1B26B5E0EA00E778E0 /* PostViewCell.swift */; };
		7EB02C1F26B5F6C400E778E0 /* WebService.swift in Sources */ = {isa = PBXBuildFile; fileRef = 7EB02C1E26B5F6C400E778E0 /* WebService.swift */; };
		7EB02C2226B5F8AA00E778E0 /* K.swift in Sources */ = {isa = PBXBuildFile; fileRef = 7EB02C2126B5F8AA00E778E0 /* K.swift */; };
		7EB02C2526B5FAA600E778E0 /* Article.swift in Sources */ = {isa = PBXBuildFile; fileRef = 7EB02C2426B5FAA600E778E0 /* Article.swift */; };
		7EB02C2726B5FE5F00E778E0 /* ArticleService.swift in Sources */ = {isa = PBXBuildFile; fileRef = 7EB02C2626B5FE5F00E778E0 /* ArticleService.swift */; };
		7EB02C2926B5FEC900E778E0 /* Category.swift in Sources */ = {isa = PBXBuildFile; fileRef = 7EB02C2826B5FEC900E778E0 /* Category.swift */; };
		7EB02C2C26B601DE00E778E0 /* URL+Extensions.swift in Sources */ = {isa = PBXBuildFile; fileRef = 7EB02C2B26B601DE00E778E0 /* URL+Extensions.swift */; };
/* End PBXBuildFile section */

/* Begin PBXFileReference section */
		7EB02BF926B5C15300E778E0 /* news.app */ = {isa = PBXFileReference; explicitFileType = wrapper.application; includeInIndex = 0; path = news.app; sourceTree = BUILT_PRODUCTS_DIR; };
		7EB02BFC26B5C15300E778E0 /* AppDelegate.swift */ = {isa = PBXFileReference; lastKnownFileType = sourcecode.swift; path = AppDelegate.swift; sourceTree = "<group>"; };
		7EB02BFE26B5C15300E778E0 /* SceneDelegate.swift */ = {isa = PBXFileReference; lastKnownFileType = sourcecode.swift; path = SceneDelegate.swift; sourceTree = "<group>"; };
		7EB02C0026B5C15300E778E0 /* ViewController.swift */ = {isa = PBXFileReference; lastKnownFileType = sourcecode.swift; path = ViewController.swift; sourceTree = "<group>"; };
		7EB02C0526B5C15400E778E0 /* Assets.xcassets */ = {isa = PBXFileReference; lastKnownFileType = folder.assetcatalog; path = Assets.xcassets; sourceTree = "<group>"; };
		7EB02C0826B5C15400E778E0 /* Base */ = {isa = PBXFileReference; lastKnownFileType = file.storyboard; name = Base; path = Base.lproj/LaunchScreen.storyboard; sourceTree = "<group>"; };
		7EB02C0A26B5C15400E778E0 /* Info.plist */ = {isa = PBXFileReference; lastKnownFileType = text.plist.xml; path = Info.plist; sourceTree = "<group>"; };
		7EB02C1026B5CCB200E778E0 /* ThemeManager.swift */ = {isa = PBXFileReference; lastKnownFileType = sourcecode.swift; path = ThemeManager.swift; sourceTree = "<group>"; };
		7EB02C1226B5CF7500E778E0 /* BaseView.swift */ = {isa = PBXFileReference; lastKnownFileType = sourcecode.swift; path = BaseView.swift; sourceTree = "<group>"; };
		7EB02C1426B5D14A00E778E0 /* PostsView.swift */ = {isa = PBXFileReference; lastKnownFileType = sourcecode.swift; path = PostsView.swift; sourceTree = "<group>"; };
		7EB02C1926B5DD6400E778E0 /* UIViewController+Extensions.swift */ = {isa = PBXFileReference; lastKnownFileType = sourcecode.swift; path = "UIViewController+Extensions.swift"; sourceTree = "<group>"; };
		7EB02C1B26B5E0EA00E778E0 /* PostViewCell.swift */ = {isa = PBXFileReference; lastKnownFileType = sourcecode.swift; path = PostViewCell.swift; sourceTree = "<group>"; };
		7EB02C1E26B5F6C400E778E0 /* WebService.swift */ = {isa = PBXFileReference; lastKnownFileType = sourcecode.swift; path = WebService.swift; sourceTree = "<group>"; };
		7EB02C2126B5F8AA00E778E0 /* K.swift */ = {isa = PBXFileReference; lastKnownFileType = sourcecode.swift; path = K.swift; sourceTree = "<group>"; };
		7EB02C2426B5FAA600E778E0 /* Article.swift */ = {isa = PBXFileReference; lastKnownFileType = sourcecode.swift; path = Article.swift; sourceTree = "<group>"; };
		7EB02C2626B5FE5F00E778E0 /* ArticleService.swift */ = {isa = PBXFileReference; lastKnownFileType = sourcecode.swift; path = ArticleService.swift; sourceTree = "<group>"; };
		7EB02C2826B5FEC900E778E0 /* Category.swift */ = {isa = PBXFileReference; lastKnownFileType = sourcecode.swift; path = Category.swift; sourceTree = "<group>"; };
		7EB02C2B26B601DE00E778E0 /* URL+Extensions.swift */ = {isa = PBXFileReference; lastKnownFileType = sourcecode.swift; path = "URL+Extensions.swift"; sourceTree = "<group>"; };
/* End PBXFileReference section */

/* Begin PBXFrameworksBuildPhase section */
		7EB02BF626B5C15300E778E0 /* Frameworks */ = {
			isa = PBXFrameworksBuildPhase;
			buildActionMask = 2147483647;
			files = (
				7EB02C1826B5D79700E778E0 /* SnapKit in Frameworks */,
			);
			runOnlyForDeploymentPostprocessing = 0;
		};
/* End PBXFrameworksBuildPhase section */

/* Begin PBXGroup section */
		7EB02BF026B5C15300E778E0 = {
			isa = PBXGroup;
			children = (
				7EB02BFB26B5C15300E778E0 /* news */,
				7EB02BFA26B5C15300E778E0 /* Products */,
			);
			sourceTree = "<group>";
		};
		7EB02BFA26B5C15300E778E0 /* Products */ = {
			isa = PBXGroup;
			children = (
				7EB02BF926B5C15300E778E0 /* news.app */,
			);
			name = Products;
			sourceTree = "<group>";
		};
		7EB02BFB26B5C15300E778E0 /* news */ = {
			isa = PBXGroup;
			children = (
				7EB02C2A26B601C700E778E0 /* Extensions */,
				7EB02C2326B5FA8F00E778E0 /* Models */,
				7EB02C2026B5F86100E778E0 /* Utils */,
				7EB02C1D26B5F69E00E778E0 /* Services */,
				7EB02BFC26B5C15300E778E0 /* AppDelegate.swift */,
				7EB02BFE26B5C15300E778E0 /* SceneDelegate.swift */,
				7EB02C0026B5C15300E778E0 /* ViewController.swift */,
				7EB02C0526B5C15400E778E0 /* Assets.xcassets */,
				7EB02C0726B5C15400E778E0 /* LaunchScreen.storyboard */,
				7EB02C0A26B5C15400E778E0 /* Info.plist */,
				7EB02C1026B5CCB200E778E0 /* ThemeManager.swift */,
				7EB02C1226B5CF7500E778E0 /* BaseView.swift */,
				7EB02C1426B5D14A00E778E0 /* PostsView.swift */,
				7EB02C1B26B5E0EA00E778E0 /* PostViewCell.swift */,
			);
			path = news;
			sourceTree = "<group>";
		};
		7EB02C1D26B5F69E00E778E0 /* Services */ = {
			isa = PBXGroup;
			children = (
				7EB02C1E26B5F6C400E778E0 /* WebService.swift */,
				7EB02C2626B5FE5F00E778E0 /* ArticleService.swift */,
			);
			path = Services;
			sourceTree = "<group>";
		};
		7EB02C2026B5F86100E778E0 /* Utils */ = {
			isa = PBXGroup;
			children = (
				7EB02C2126B5F8AA00E778E0 /* K.swift */,
			);
			path = Utils;
			sourceTree = "<group>";
		};
		7EB02C2326B5FA8F00E778E0 /* Models */ = {
			isa = PBXGroup;
			children = (
				7EB02C2426B5FAA600E778E0 /* Article.swift */,
				7EB02C2826B5FEC900E778E0 /* Category.swift */,
			);
			path = Models;
			sourceTree = "<group>";
		};
		7EB02C2A26B601C700E778E0 /* Extensions */ = {
			isa = PBXGroup;
			children = (
				7EB02C1926B5DD6400E778E0 /* UIViewController+Extensions.swift */,
				7EB02C2B26B601DE00E778E0 /* URL+Extensions.swift */,
			);
			path = Extensions;
			sourceTree = "<group>";
		};
/* End PBXGroup section */

/* Begin PBXNativeTarget section */
		7EB02BF826B5C15300E778E0 /* news */ = {
			isa = PBXNativeTarget;
			buildConfigurationList = 7EB02C0D26B5C15400E778E0 /* Build configuration list for PBXNativeTarget "news" */;
			buildPhases = (
				7EB02BF526B5C15300E778E0 /* Sources */,
				7EB02BF626B5C15300E778E0 /* Frameworks */,
				7EB02BF726B5C15300E778E0 /* Resources */,
			);
			buildRules = (
			);
			dependencies = (
			);
			name = news;
			packageProductDependencies = (
				7EB02C1726B5D79700E778E0 /* SnapKit */,
			);
			productName = news;
			productReference = 7EB02BF926B5C15300E778E0 /* news.app */;
			productType = "com.apple.product-type.application";
		};
/* End PBXNativeTarget section */

/* Begin PBXProject section */
		7EB02BF126B5C15300E778E0 /* Project object */ = {
			isa = PBXProject;
			attributes = {
				LastSwiftUpdateCheck = 1250;
				LastUpgradeCheck = 1250;
				TargetAttributes = {
					7EB02BF826B5C15300E778E0 = {
						CreatedOnToolsVersion = 12.5.1;
					};
				};
			};
			buildConfigurationList = 7EB02BF426B5C15300E778E0 /* Build configuration list for PBXProject "news" */;
			compatibilityVersion = "Xcode 9.3";
			developmentRegion = en;
			hasScannedForEncodings = 0;
			knownRegions = (
				en,
				Base,
			);
			mainGroup = 7EB02BF026B5C15300E778E0;
			packageReferences = (
				7EB02C1626B5D79700E778E0 /* XCRemoteSwiftPackageReference "SnapKit" */,
			);
			productRefGroup = 7EB02BFA26B5C15300E778E0 /* Products */;
			projectDirPath = "";
			projectRoot = "";
			targets = (
				7EB02BF826B5C15300E778E0 /* news */,
			);
		};
/* End PBXProject section */

/* Begin PBXResourcesBuildPhase section */
		7EB02BF726B5C15300E778E0 /* Resources */ = {
			isa = PBXResourcesBuildPhase;
			buildActionMask = 2147483647;
			files = (
				7EB02C0926B5C15400E778E0 /* LaunchScreen.storyboard in Resources */,
				7EB02C0626B5C15400E778E0 /* Assets.xcassets in Resources */,
			);
			runOnlyForDeploymentPostprocessing = 0;
		};
/* End PBXResourcesBuildPhase section */

/* Begin PBXSourcesBuildPhase section */
		7EB02BF526B5C15300E778E0 /* Sources */ = {
			isa = PBXSourcesBuildPhase;
			buildActionMask = 2147483647;
			files = (
				7EB02C2526B5FAA600E778E0 /* Article.swift in Sources */,
				7EB02C2C26B601DE00E778E0 /* URL+Extensions.swift in Sources */,
				7EB02C1F26B5F6C400E778E0 /* WebService.swift in Sources */,
				7EB02C2226B5F8AA00E778E0 /* K.swift in Sources */,
				7EB02C0126B5C15300E778E0 /* ViewController.swift in Sources */,
				7EB02BFD26B5C15300E778E0 /* AppDelegate.swift in Sources */,
				7EB02C1526B5D14A00E778E0 /* PostsView.swift in Sources */,
				7EB02C1A26B5DD6400E778E0 /* UIViewController+Extensions.swift in Sources */,
				7EB02C1326B5CF7500E778E0 /* BaseView.swift in Sources */,
				7EB02C2726B5FE5F00E778E0 /* ArticleService.swift in Sources */,
				7EB02C2926B5FEC900E778E0 /* Category.swift in Sources */,
				7EB02BFF26B5C15300E778E0 /* SceneDelegate.swift in Sources */,
				7EB02C1126B5CCB200E778E0 /* ThemeManager.swift in Sources */,
				7EB02C1C26B5E0EA00E778E0 /* PostViewCell.swift in Sources */,
			);
			runOnlyForDeploymentPostprocessing = 0;
		};
/* End PBXSourcesBuildPhase section */

/* Begin PBXVariantGroup section */
		7EB02C0726B5C15400E778E0 /* LaunchScreen.storyboard */ = {
			isa = PBXVariantGroup;
			children = (
				7EB02C0826B5C15400E778E0 /* Base */,
			);
			name = LaunchScreen.storyboard;
			sourceTree = "<group>";
		};
/* End PBXVariantGroup section */

/* Begin XCBuildConfiguration section */
		7EB02C0B26B5C15400E778E0 /* Debug */ = {
			isa = XCBuildConfiguration;
			buildSettings = {
				ALWAYS_SEARCH_USER_PATHS = NO;
				CLANG_ANALYZER_NONNULL = YES;
				CLANG_ANALYZER_NUMBER_OBJECT_CONVERSION = YES_AGGRESSIVE;
				CLANG_CXX_LANGUAGE_STANDARD = "gnu++14";
				CLANG_CXX_LIBRARY = "libc++";
				CLANG_ENABLE_MODULES = YES;
				CLANG_ENABLE_OBJC_ARC = YES;
				CLANG_ENABLE_OBJC_WEAK = YES;
				CLANG_WARN_BLOCK_CAPTURE_AUTORELEASING = YES;
				CLANG_WARN_BOOL_CONVERSION = YES;
				CLANG_WARN_COMMA = YES;
				CLANG_WARN_CONSTANT_CONVERSION = YES;
				CLANG_WARN_DEPRECATED_OBJC_IMPLEMENTATIONS = YES;
				CLANG_WARN_DIRECT_OBJC_ISA_USAGE = YES_ERROR;
				CLANG_WARN_DOCUMENTATION_COMMENTS = YES;
				CLANG_WARN_EMPTY_BODY = YES;
				CLANG_WARN_ENUM_CONVERSION = YES;
				CLANG_WARN_INFINITE_RECURSION = YES;
				CLANG_WARN_INT_CONVERSION = YES;
				CLANG_WARN_NON_LITERAL_NULL_CONVERSION = YES;
				CLANG_WARN_OBJC_IMPLICIT_RETAIN_SELF = YES;
				CLANG_WARN_OBJC_LITERAL_CONVERSION = YES;
				CLANG_WARN_OBJC_ROOT_CLASS = YES_ERROR;
				CLANG_WARN_QUOTED_INCLUDE_IN_FRAMEWORK_HEADER = YES;
				CLANG_WARN_RANGE_LOOP_ANALYSIS = YES;
				CLANG_WARN_STRICT_PROTOTYPES = YES;
				CLANG_WARN_SUSPICIOUS_MOVE = YES;
				CLANG_WARN_UNGUARDED_AVAILABILITY = YES_AGGRESSIVE;
				CLANG_WARN_UNREACHABLE_CODE = YES;
				CLANG_WARN__DUPLICATE_METHOD_MATCH = YES;
				COPY_PHASE_STRIP = NO;
				DEBUG_INFORMATION_FORMAT = dwarf;
				ENABLE_STRICT_OBJC_MSGSEND = YES;
				ENABLE_TESTABILITY = YES;
				GCC_C_LANGUAGE_STANDARD = gnu11;
				GCC_DYNAMIC_NO_PIC = NO;
				GCC_NO_COMMON_BLOCKS = YES;
				GCC_OPTIMIZATION_LEVEL = 0;
				GCC_PREPROCESSOR_DEFINITIONS = (
					"DEBUG=1",
					"$(inherited)",
				);
				GCC_WARN_64_TO_32_BIT_CONVERSION = YES;
				GCC_WARN_ABOUT_RETURN_TYPE = YES_ERROR;
				GCC_WARN_UNDECLARED_SELECTOR = YES;
				GCC_WARN_UNINITIALIZED_AUTOS = YES_AGGRESSIVE;
				GCC_WARN_UNUSED_FUNCTION = YES;
				GCC_WARN_UNUSED_VARIABLE = YES;
				IPHONEOS_DEPLOYMENT_TARGET = 14.5;
				MTL_ENABLE_DEBUG_INFO = INCLUDE_SOURCE;
				MTL_FAST_MATH = YES;
				ONLY_ACTIVE_ARCH = YES;
				SDKROOT = iphoneos;
				SWIFT_ACTIVE_COMPILATION_CONDITIONS = DEBUG;
				SWIFT_OPTIMIZATION_LEVEL = "-Onone";
			};
			name = Debug;
		};
		7EB02C0C26B5C15400E778E0 /* Release */ = {
			isa = XCBuildConfiguration;
			buildSettings = {
				ALWAYS_SEARCH_USER_PATHS = NO;
				CLANG_ANALYZER_NONNULL = YES;
				CLANG_ANALYZER_NUMBER_OBJECT_CONVERSION = YES_AGGRESSIVE;
				CLANG_CXX_LANGUAGE_STANDARD = "gnu++14";
				CLANG_CXX_LIBRARY = "libc++";
				CLANG_ENABLE_MODULES = YES;
				CLANG_ENABLE_OBJC_ARC = YES;
				CLANG_ENABLE_OBJC_WEAK = YES;
				CLANG_WARN_BLOCK_CAPTURE_AUTORELEASING = YES;
				CLANG_WARN_BOOL_CONVERSION = YES;
				CLANG_WARN_COMMA = YES;
				CLANG_WARN_CONSTANT_CONVERSION = YES;
				CLANG_WARN_DEPRECATED_OBJC_IMPLEMENTATIONS = YES;
				CLANG_WARN_DIRECT_OBJC_ISA_USAGE = YES_ERROR;
				CLANG_WARN_DOCUMENTATION_COMMENTS = YES;
				CLANG_WARN_EMPTY_BODY = YES;
				CLANG_WARN_ENUM_CONVERSION = YES;
				CLANG_WARN_INFINITE_RECURSION = YES;
				CLANG_WARN_INT_CONVERSION = YES;
				CLANG_WARN_NON_LITERAL_NULL_CONVERSION = YES;
				CLANG_WARN_OBJC_IMPLICIT_RETAIN_SELF = YES;
				CLANG_WARN_OBJC_LITERAL_CONVERSION = YES;
				CLANG_WARN_OBJC_ROOT_CLASS = YES_ERROR;
				CLANG_WARN_QUOTED_INCLUDE_IN_FRAMEWORK_HEADER = YES;
				CLANG_WARN_RANGE_LOOP_ANALYSIS = YES;
				CLANG_WARN_STRICT_PROTOTYPES = YES;
				CLANG_WARN_SUSPICIOUS_MOVE = YES;
				CLANG_WARN_UNGUARDED_AVAILABILITY = YES_AGGRESSIVE;
				CLANG_WARN_UNREACHABLE_CODE = YES;
				CLANG_WARN__DUPLICATE_METHOD_MATCH = YES;
				COPY_PHASE_STRIP = NO;
				DEBUG_INFORMATION_FORMAT = "dwarf-with-dsym";
				ENABLE_NS_ASSERTIONS = NO;
				ENABLE_STRICT_OBJC_MSGSEND = YES;
				GCC_C_LANGUAGE_STANDARD = gnu11;
				GCC_NO_COMMON_BLOCKS = YES;
				GCC_WARN_64_TO_32_BIT_CONVERSION = YES;
				GCC_WARN_ABOUT_RETURN_TYPE = YES_ERROR;
				GCC_WARN_UNDECLARED_SELECTOR = YES;
				GCC_WARN_UNINITIALIZED_AUTOS = YES_AGGRESSIVE;
				GCC_WARN_UNUSED_FUNCTION = YES;
				GCC_WARN_UNUSED_VARIABLE = YES;
				IPHONEOS_DEPLOYMENT_TARGET = 14.5;
				MTL_ENABLE_DEBUG_INFO = NO;
				MTL_FAST_MATH = YES;
				SDKROOT = iphoneos;
				SWIFT_COMPILATION_MODE = wholemodule;
				SWIFT_OPTIMIZATION_LEVEL = "-O";
				VALIDATE_PRODUCT = YES;
			};
			name = Release;
		};
		7EB02C0E26B5C15400E778E0 /* Debug */ = {
			isa = XCBuildConfiguration;
			buildSettings = {
				ASSETCATALOG_COMPILER_APPICON_NAME = AppIcon;
				ASSETCATALOG_COMPILER_GLOBAL_ACCENT_COLOR_NAME = AccentColor;
				CODE_SIGN_STYLE = Automatic;
				DEVELOPMENT_TEAM = 22W542X85L;
				INFOPLIST_FILE = news/Info.plist;
				LD_RUNPATH_SEARCH_PATHS = (
					"$(inherited)",
					"@executable_path/Frameworks",
				);
				PRODUCT_BUNDLE_IDENTIFIER = com.sank.news;
				PRODUCT_NAME = "$(TARGET_NAME)";
				SWIFT_VERSION = 5.0;
				TARGETED_DEVICE_FAMILY = "1,2";
			};
			name = Debug;
		};
		7EB02C0F26B5C15400E778E0 /* Release */ = {
			isa = XCBuildConfiguration;
			buildSettings = {
				ASSETCATALOG_COMPILER_APPICON_NAME = AppIcon;
				ASSETCATALOG_COMPILER_GLOBAL_ACCENT_COLOR_NAME = AccentColor;
				CODE_SIGN_STYLE = Automatic;
				DEVELOPMENT_TEAM = 22W542X85L;
				INFOPLIST_FILE = news/Info.plist;
				LD_RUNPATH_SEARCH_PATHS = (
					"$(inherited)",
					"@executable_path/Frameworks",
				);
				PRODUCT_BUNDLE_IDENTIFIER = com.sank.news;
				PRODUCT_NAME = "$(TARGET_NAME)";
				SWIFT_VERSION = 5.0;
				TARGETED_DEVICE_FAMILY = "1,2";
			};
			name = Release;
		};
/* End XCBuildConfiguration section */

/* Begin XCConfigurationList section */
		7EB02BF426B5C15300E778E0 /* Build configuration list for PBXProject "news" */ = {
			isa = XCConfigurationList;
			buildConfigurations = (
				7EB02C0B26B5C15400E778E0 /* Debug */,
				7EB02C0C26B5C15400E778E0 /* Release */,
			);
			defaultConfigurationIsVisible = 0;
			defaultConfigurationName = Release;
		};
		7EB02C0D26B5C15400E778E0 /* Build configuration list for PBXNativeTarget "news" */ = {
			isa = XCConfigurationList;
			buildConfigurations = (
				7EB02C0E26B5C15400E778E0 /* Debug */,
				7EB02C0F26B5C15400E778E0 /* Release */,
			);
			defaultConfigurationIsVisible = 0;
			defaultConfigurationName = Release;
		};
/* End XCConfigurationList section */

/* Begin XCRemoteSwiftPackageReference section */
		7EB02C1626B5D79700E778E0 /* XCRemoteSwiftPackageReference "SnapKit" */ = {
			isa = XCRemoteSwiftPackageReference;
			repositoryURL = "https://github.com/SnapKit/SnapKit";
			requirement = {
				kind = upToNextMajorVersion;
				minimumVersion = 5.0.1;
			};
		};
/* End XCRemoteSwiftPackageReference section */

/* Begin XCSwiftPackageProductDependency section */
		7EB02C1726B5D79700E778E0 /* SnapKit */ = {
			isa = XCSwiftPackageProductDependency;
			package = 7EB02C1626B5D79700E778E0 /* XCRemoteSwiftPackageReference "SnapKit" */;
			productName = SnapKit;
		};
/* End XCSwiftPackageProductDependency section */
	};
	rootObject = 7EB02BF126B5C15300E778E0 /* Project object */;
}
